// !$*UTF8*$!
{
	archiveVersion = 1;
	classes = {
	};
	objectVersion = 46;
	objects = {

/* Begin PBXBuildFile section */
		BF2C4F4D1805C08B00A87C18 /* Foundation.framework in Frameworks */ = {isa = PBXBuildFile; fileRef = BF2C4F4C1805C08B00A87C18 /* Foundation.framework */; };
		BF2C4F4F1805C08B00A87C18 /* CoreGraphics.framework in Frameworks */ = {isa = PBXBuildFile; fileRef = BF2C4F4E1805C08B00A87C18 /* CoreGraphics.framework */; };
		BF2C4F511805C08B00A87C18 /* UIKit.framework in Frameworks */ = {isa = PBXBuildFile; fileRef = BF2C4F501805C08B00A87C18 /* UIKit.framework */; };
		BF2C4F571805C08B00A87C18 /* InfoPlist.strings in Resources */ = {isa = PBXBuildFile; fileRef = BF2C4F551805C08B00A87C18 /* InfoPlist.strings */; };
		BF2C4F591805C08B00A87C18 /* main.m in Sources */ = {isa = PBXBuildFile; fileRef = BF2C4F581805C08B00A87C18 /* main.m */; };
		BF2C4F5D1805C08B00A87C18 /* AppDelegate.m in Sources */ = {isa = PBXBuildFile; fileRef = BF2C4F5C1805C08B00A87C18 /* AppDelegate.m */; };
		BF2C4F601805C08B00A87C18 /* Main_iPhone.storyboard in Resources */ = {isa = PBXBuildFile; fileRef = BF2C4F5E1805C08B00A87C18 /* Main_iPhone.storyboard */; };
		BF2C4F631805C08B00A87C18 /* Main_iPad.storyboard in Resources */ = {isa = PBXBuildFile; fileRef = BF2C4F611805C08B00A87C18 /* Main_iPad.storyboard */; };
		BF2C4F681805C08B00A87C18 /* Images.xcassets in Resources */ = {isa = PBXBuildFile; fileRef = BF2C4F671805C08B00A87C18 /* Images.xcassets */; };
		BF2C4F6F1805C08B00A87C18 /* XCTest.framework in Frameworks */ = {isa = PBXBuildFile; fileRef = BF2C4F6E1805C08B00A87C18 /* XCTest.framework */; };
		BF2C4F701805C08B00A87C18 /* Foundation.framework in Frameworks */ = {isa = PBXBuildFile; fileRef = BF2C4F4C1805C08B00A87C18 /* Foundation.framework */; };
		BF2C4F711805C08B00A87C18 /* UIKit.framework in Frameworks */ = {isa = PBXBuildFile; fileRef = BF2C4F501805C08B00A87C18 /* UIKit.framework */; };
		BF2C4F791805C08B00A87C18 /* InfoPlist.strings in Resources */ = {isa = PBXBuildFile; fileRef = BF2C4F771805C08B00A87C18 /* InfoPlist.strings */; };
		BF2C4F7B1805C08B00A87C18 /* ScanDepositsTests.m in Sources */ = {isa = PBXBuildFile; fileRef = BF2C4F7A1805C08B00A87C18 /* ScanDepositsTests.m */; };
		BF2C4F861805C0E000A87C18 /* HomeVC.mm in Sources */ = {isa = PBXBuildFile; fileRef = BF2C4F851805C0E000A87C18 /* HomeVC.mm */; };
		BF2C4FB51806B0B800A87C18 /* CoreVideo.framework in Frameworks */ = {isa = PBXBuildFile; fileRef = BF2C4FB41806B0B800A87C18 /* CoreVideo.framework */; };
		BF2C4FB71806B0F100A87C18 /* AudioToolbox.framework in Frameworks */ = {isa = PBXBuildFile; fileRef = BF2C4FB61806B0F100A87C18 /* AudioToolbox.framework */; };
		BF2C4FB91806B10B00A87C18 /* SystemConfiguration.framework in Frameworks */ = {isa = PBXBuildFile; fileRef = BF2C4FB81806B10B00A87C18 /* SystemConfiguration.framework */; };
		BF2C4FBB1806B11F00A87C18 /* CoreMedia.framework in Frameworks */ = {isa = PBXBuildFile; fileRef = BF2C4FBA1806B11F00A87C18 /* CoreMedia.framework */; };
		BF2C4FBD1806B13D00A87C18 /* libiconv.dylib in Frameworks */ = {isa = PBXBuildFile; fileRef = BF2C4FBC1806B13D00A87C18 /* libiconv.dylib */; };
		BF2C4FBF1806B14800A87C18 /* libz.dylib in Frameworks */ = {isa = PBXBuildFile; fileRef = BF2C4FBE1806B14800A87C18 /* libz.dylib */; };
		BF2C4FC11806B16B00A87C18 /* AVFoundation.framework in Frameworks */ = {isa = PBXBuildFile; fileRef = BF2C4FC01806B16B00A87C18 /* AVFoundation.framework */; };
		BF2C4FC41806C96400A87C18 /* Barcode.m in Sources */ = {isa = PBXBuildFile; fileRef = BF2C4FC31806C96400A87C18 /* Barcode.m */; };
		BF2C4FCE1806FEB100A87C18 /* blueButton.png in Resources */ = {isa = PBXBuildFile; fileRef = BF2C4FCA1806FEB100A87C18 /* blueButton.png */; };
		BF2C4FCF1806FEB100A87C18 /* blueButton@2x.png in Resources */ = {isa = PBXBuildFile; fileRef = BF2C4FCB1806FEB100A87C18 /* blueButton@2x.png */; };
		BF2C4FD01806FEB100A87C18 /* bluebuttonSelected.png in Resources */ = {isa = PBXBuildFile; fileRef = BF2C4FCC1806FEB100A87C18 /* bluebuttonSelected.png */; };
		BF2C4FD11806FEB100A87C18 /* blueButtonSelected@2x.png in Resources */ = {isa = PBXBuildFile; fileRef = BF2C4FCD1806FEB100A87C18 /* blueButtonSelected@2x.png */; };
		BF3703241808229A0027AE4F /* ITFPopup.xib in Resources */ = {isa = PBXBuildFile; fileRef = BF3703231808229A0027AE4F /* ITFPopup.xib */; };
		BF370327180822A90027AE4F /* ITFPopup.m in Sources */ = {isa = PBXBuildFile; fileRef = BF370326180822A90027AE4F /* ITFPopup.m */; };
		BF370329180844990027AE4F /* bg_gradient.png in Resources */ = {isa = PBXBuildFile; fileRef = BF370328180844990027AE4F /* bg_gradient.png */; };
		BF370335180D4DE40027AE4F /* DepositsVC.m in Sources */ = {isa = PBXBuildFile; fileRef = BF370334180D4DE40027AE4F /* DepositsVC.m */; };
		BF370338180D5C5D0027AE4F /* Deposit.m in Sources */ = {isa = PBXBuildFile; fileRef = BF370337180D5C5D0027AE4F /* Deposit.m */; };
		BF37033B180D5C820027AE4F /* Bag.m in Sources */ = {isa = PBXBuildFile; fileRef = BF37033A180D5C820027AE4F /* Bag.m */; };
		BF370342180EAEF10027AE4F /* Default-568h.png in Resources */ = {isa = PBXBuildFile; fileRef = BF37033C180EAEF10027AE4F /* Default-568h.png */; };
		BF370343180EAEF10027AE4F /* Default-568h@2x.png in Resources */ = {isa = PBXBuildFile; fileRef = BF37033D180EAEF10027AE4F /* Default-568h@2x.png */; };
		BF370344180EAEF10027AE4F /* Default.png in Resources */ = {isa = PBXBuildFile; fileRef = BF37033E180EAEF10027AE4F /* Default.png */; };
		BF370345180EAEF10027AE4F /* Default@2x.png in Resources */ = {isa = PBXBuildFile; fileRef = BF37033F180EAEF10027AE4F /* Default@2x.png */; };
		BF370346180EAEF10027AE4F /* Icon.png in Resources */ = {isa = PBXBuildFile; fileRef = BF370340180EAEF10027AE4F /* Icon.png */; };
		BF370347180EAEF10027AE4F /* Icon@2x.png in Resources */ = {isa = PBXBuildFile; fileRef = BF370341180EAEF10027AE4F /* Icon@2x.png */; };
		BF37034D181539160027AE4F /* RegistrationVC.m in Sources */ = {isa = PBXBuildFile; fileRef = BF37034C181539160027AE4F /* RegistrationVC.m */; };
		BF370350181674820027AE4F /* UserVC.m in Sources */ = {isa = PBXBuildFile; fileRef = BF37034F181674820027AE4F /* UserVC.m */; };
		BF3703521816D47B0027AE4F /* UserPopup.xib in Resources */ = {isa = PBXBuildFile; fileRef = BF3703511816D47B0027AE4F /* UserPopup.xib */; };
		BF3703551816D5860027AE4F /* UserPopup.m in Sources */ = {isa = PBXBuildFile; fileRef = BF3703541816D5860027AE4F /* UserPopup.m */; };
		BF37035A1816E1880027AE4F /* PopupTV.m in Sources */ = {isa = PBXBuildFile; fileRef = BF3703591816E1880027AE4F /* PopupTV.m */; };
		BF37035F1817C6480027AE4F /* User.m in Sources */ = {isa = PBXBuildFile; fileRef = BF37035E1817C6480027AE4F /* User.m */; };
		BF92211B18214DC80084DCA0 /* aib_logo_original_cut.png in Resources */ = {isa = PBXBuildFile; fileRef = BF92211A18214DC80084DCA0 /* aib_logo_original_cut.png */; };
		BF92211D18214E290084DCA0 /* logo_80_121.png in Resources */ = {isa = PBXBuildFile; fileRef = BF92211C18214E290084DCA0 /* logo_80_121.png */; };
		BF922120182279340084DCA0 /* PersistenceManager.m in Sources */ = {isa = PBXBuildFile; fileRef = BF92211F182279340084DCA0 /* PersistenceManager.m */; };
		BF92212318227AEC0084DCA0 /* usersCollection.plist in Resources */ = {isa = PBXBuildFile; fileRef = BF92212218227AEC0084DCA0 /* usersCollection.plist */; };
		BF92212518280EB20084DCA0 /* adminsCollection.plist in Resources */ = {isa = PBXBuildFile; fileRef = BF92212418280EB20084DCA0 /* adminsCollection.plist */; };
		BF99DD3F1832283400183FE2 /* greenButton.png in Resources */ = {isa = PBXBuildFile; fileRef = BF99DD3B1832283400183FE2 /* greenButton.png */; };
		BF99DD401832283400183FE2 /* greenButton@2x.png in Resources */ = {isa = PBXBuildFile; fileRef = BF99DD3C1832283400183FE2 /* greenButton@2x.png */; };
		BF99DD411832283400183FE2 /* greenButtonSelected.png in Resources */ = {isa = PBXBuildFile; fileRef = BF99DD3D1832283400183FE2 /* greenButtonSelected.png */; };
		BF99DD421832283400183FE2 /* greenButtonSelected@2x.png in Resources */ = {isa = PBXBuildFile; fileRef = BF99DD3E1832283400183FE2 /* greenButtonSelected@2x.png */; };
		BF99DD451832285400183FE2 /* whiteCell.png in Resources */ = {isa = PBXBuildFile; fileRef = BF99DD431832285400183FE2 /* whiteCell.png */; };
		BF99DD461832285400183FE2 /* whiteCell@2x.png in Resources */ = {isa = PBXBuildFile; fileRef = BF99DD441832285400183FE2 /* whiteCell@2x.png */; };
		BF99DD4B1832286600183FE2 /* singleCell.png in Resources */ = {isa = PBXBuildFile; fileRef = BF99DD471832286600183FE2 /* singleCell.png */; };
		BF99DD4C1832286600183FE2 /* singleCell@2x.png in Resources */ = {isa = PBXBuildFile; fileRef = BF99DD481832286600183FE2 /* singleCell@2x.png */; };
		BF99DD4D1832286600183FE2 /* singleCellSelected.png in Resources */ = {isa = PBXBuildFile; fileRef = BF99DD491832286600183FE2 /* singleCellSelected.png */; };
		BF99DD4E1832286600183FE2 /* singleCellSelected@2x.png in Resources */ = {isa = PBXBuildFile; fileRef = BF99DD4A1832286600183FE2 /* singleCellSelected@2x.png */; };
		BF99DD511832287900183FE2 /* rightArrow.png in Resources */ = {isa = PBXBuildFile; fileRef = BF99DD4F1832287900183FE2 /* rightArrow.png */; };
		BF99DD521832287900183FE2 /* rightArrow@2x.png in Resources */ = {isa = PBXBuildFile; fileRef = BF99DD501832287900183FE2 /* rightArrow@2x.png */; };
		BF99DD551832288100183FE2 /* accountIcon.png in Resources */ = {isa = PBXBuildFile; fileRef = BF99DD531832288100183FE2 /* accountIcon.png */; };
		BF99DD561832288100183FE2 /* accountIcon@2x.png in Resources */ = {isa = PBXBuildFile; fileRef = BF99DD541832288100183FE2 /* accountIcon@2x.png */; };
		BF99DD591832842A00183FE2 /* QRBarcode.m in Sources */ = {isa = PBXBuildFile; fileRef = BF99DD581832842A00183FE2 /* QRBarcode.m */; };
		BF99DD5F1833873800183FE2 /* EightBarcode.m in Sources */ = {isa = PBXBuildFile; fileRef = BF99DD5E1833873800183FE2 /* EightBarcode.m */; };
		BF99DDD31835223000183FE2 /* beep.wav in Resources */ = {isa = PBXBuildFile; fileRef = BF99DDBB1835222F00183FE2 /* beep.wav */; };
		BF99DDD41835223000183FE2 /* camera-swap-icon-pressed.png in Resources */ = {isa = PBXBuildFile; fileRef = BF99DDBC1835222F00183FE2 /* camera-swap-icon-pressed.png */; };
		BF99DDD51835223000183FE2 /* camera-swap-icon-pressed@2x.png in Resources */ = {isa = PBXBuildFile; fileRef = BF99DDBD1835222F00183FE2 /* camera-swap-icon-pressed@2x.png */; };
		BF99DDD61835223000183FE2 /* camera-swap-icon.png in Resources */ = {isa = PBXBuildFile; fileRef = BF99DDBE1835222F00183FE2 /* camera-swap-icon.png */; };
		BF99DDD71835223000183FE2 /* camera-swap-icon@2x.png in Resources */ = {isa = PBXBuildFile; fileRef = BF99DDBF1835222F00183FE2 /* camera-swap-icon@2x.png */; };
		BF99DDD81835223000183FE2 /* CHANGELOG.txt in Resources */ = {isa = PBXBuildFile; fileRef = BF99DDC01835222F00183FE2 /* CHANGELOG.txt */; };
		BF99DDD91835223000183FE2 /* scanditsdk.strings in Resources */ = {isa = PBXBuildFile; fileRef = BF99DDC11835222F00183FE2 /* scanditsdk.strings */; };
		BF99DDDA1835223000183FE2 /* empty.cpp in Sources */ = {isa = PBXBuildFile; fileRef = BF99DDC31835222F00183FE2 /* empty.cpp */; };
		BF99DDDB1835223000183FE2 /* flashlight-turn-off-icon-pressed.png in Resources */ = {isa = PBXBuildFile; fileRef = BF99DDC51835222F00183FE2 /* flashlight-turn-off-icon-pressed.png */; };
		BF99DDDC1835223000183FE2 /* flashlight-turn-off-icon-pressed@2x.png in Resources */ = {isa = PBXBuildFile; fileRef = BF99DDC61835222F00183FE2 /* flashlight-turn-off-icon-pressed@2x.png */; };
		BF99DDDD1835223000183FE2 /* flashlight-turn-off-icon.png in Resources */ = {isa = PBXBuildFile; fileRef = BF99DDC71835222F00183FE2 /* flashlight-turn-off-icon.png */; };
		BF99DDDE1835223000183FE2 /* flashlight-turn-off-icon@2x.png in Resources */ = {isa = PBXBuildFile; fileRef = BF99DDC81835222F00183FE2 /* flashlight-turn-off-icon@2x.png */; };
		BF99DDDF1835223000183FE2 /* flashlight-turn-on-icon-pressed.png in Resources */ = {isa = PBXBuildFile; fileRef = BF99DDC91835223000183FE2 /* flashlight-turn-on-icon-pressed.png */; };
		BF99DDE01835223000183FE2 /* flashlight-turn-on-icon-pressed@2x.png in Resources */ = {isa = PBXBuildFile; fileRef = BF99DDCA1835223000183FE2 /* flashlight-turn-on-icon-pressed@2x.png */; };
		BF99DDE11835223000183FE2 /* flashlight-turn-on-icon.png in Resources */ = {isa = PBXBuildFile; fileRef = BF99DDCB1835223000183FE2 /* flashlight-turn-on-icon.png */; };
		BF99DDE21835223000183FE2 /* flashlight-turn-on-icon@2x.png in Resources */ = {isa = PBXBuildFile; fileRef = BF99DDCC1835223000183FE2 /* flashlight-turn-on-icon@2x.png */; };
		BF99DDE31835223000183FE2 /* libscanditsdk-iphone-3.2.0.a in Frameworks */ = {isa = PBXBuildFile; fileRef = BF99DDCD1835223000183FE2 /* libscanditsdk-iphone-3.2.0.a */; };
		BF99DDE41835223000183FE2 /* LICENSE-2.0.txt in Resources */ = {isa = PBXBuildFile; fileRef = BF99DDCE1835223000183FE2 /* LICENSE-2.0.txt */; };
		BF99DDE51835223000183FE2 /* poweredby.png in Resources */ = {isa = PBXBuildFile; fileRef = BF99DDCF1835223000183FE2 /* poweredby.png */; };
		BF99DDE61835223000183FE2 /* poweredby@2x.png in Resources */ = {isa = PBXBuildFile; fileRef = BF99DDD01835223000183FE2 /* poweredby@2x.png */; };
		BF99DDE818353A9400183FE2 /* QRPopup.xib in Resources */ = {isa = PBXBuildFile; fileRef = BF99DDE718353A9400183FE2 /* QRPopup.xib */; };
		BF99DDEB18353B0F00183FE2 /* QRPopup.m in Sources */ = {isa = PBXBuildFile; fileRef = BF99DDEA18353B0F00183FE2 /* QRPopup.m */; };
		BF99DDEE1836412800183FE2 /* WarningPopup.m in Sources */ = {isa = PBXBuildFile; fileRef = BF99DDED1836412800183FE2 /* WarningPopup.m */; };
		BF99DDF01836414700183FE2 /* WarningPopup.xib in Resources */ = {isa = PBXBuildFile; fileRef = BF99DDEF1836414700183FE2 /* WarningPopup.xib */; };
		BF9B6D4818290F8300BC0E13 /* MessageUI.framework in Frameworks */ = {isa = PBXBuildFile; fileRef = BF9B6D4718290F8300BC0E13 /* MessageUI.framework */; };
		BF9B6D9E182AA03A00BC0E13 /* users.plist in Resources */ = {isa = PBXBuildFile; fileRef = BF9B6D9D182AA03A00BC0E13 /* users.plist */; };
		BF9B6DA1182AA34600BC0E13 /* LogInVC.m in Sources */ = {isa = PBXBuildFile; fileRef = BF9B6DA0182AA34600BC0E13 /* LogInVC.m */; };
		BF9B6DA3182BE58700BC0E13 /* admins.plist in Resources */ = {isa = PBXBuildFile; fileRef = BF9B6DA2182BE58700BC0E13 /* admins.plist */; };
		BFB13639183A1F240051CB0F /* StringParserHelper.m in Sources */ = {isa = PBXBuildFile; fileRef = BFB13638183A1F240051CB0F /* StringParserHelper.m */; };
		BFB1363C183BD38C0051CB0F /* SuccessPopup.m in Sources */ = {isa = PBXBuildFile; fileRef = BFB1363B183BD38C0051CB0F /* SuccessPopup.m */; };
		BFB1363E183BD47B0051CB0F /* SuccessPopup.xib in Resources */ = {isa = PBXBuildFile; fileRef = BFB1363D183BD47B0051CB0F /* SuccessPopup.xib */; };
		BFB13642183CF8AF0051CB0F /* SuccessPopupVC.m in Sources */ = {isa = PBXBuildFile; fileRef = BFB13640183CF8AF0051CB0F /* SuccessPopupVC.m */; };
		BFB13643183CF8AF0051CB0F /* SuccessPopupVC.xib in Resources */ = {isa = PBXBuildFile; fileRef = BFB13641183CF8AF0051CB0F /* SuccessPopupVC.xib */; };
/* End PBXBuildFile section */

/* Begin PBXContainerItemProxy section */
		BF2C4F721805C08B00A87C18 /* PBXContainerItemProxy */ = {
			isa = PBXContainerItemProxy;
			containerPortal = BF2C4F411805C08A00A87C18 /* Project object */;
			proxyType = 1;
			remoteGlobalIDString = BF2C4F481805C08B00A87C18;
			remoteInfo = ScanDeposits;
		};
/* End PBXContainerItemProxy section */

/* Begin PBXFileReference section */
		BF2C4F491805C08B00A87C18 /* ScanDeposits.app */ = {isa = PBXFileReference; explicitFileType = wrapper.application; includeInIndex = 0; path = ScanDeposits.app; sourceTree = BUILT_PRODUCTS_DIR; };
		BF2C4F4C1805C08B00A87C18 /* Foundation.framework */ = {isa = PBXFileReference; lastKnownFileType = wrapper.framework; name = Foundation.framework; path = System/Library/Frameworks/Foundation.framework; sourceTree = SDKROOT; };
		BF2C4F4E1805C08B00A87C18 /* CoreGraphics.framework */ = {isa = PBXFileReference; lastKnownFileType = wrapper.framework; name = CoreGraphics.framework; path = System/Library/Frameworks/CoreGraphics.framework; sourceTree = SDKROOT; };
		BF2C4F501805C08B00A87C18 /* UIKit.framework */ = {isa = PBXFileReference; lastKnownFileType = wrapper.framework; name = UIKit.framework; path = System/Library/Frameworks/UIKit.framework; sourceTree = SDKROOT; };
		BF2C4F541805C08B00A87C18 /* ScanDeposits-Info.plist */ = {isa = PBXFileReference; lastKnownFileType = text.plist.xml; path = "ScanDeposits-Info.plist"; sourceTree = "<group>"; };
		BF2C4F561805C08B00A87C18 /* en */ = {isa = PBXFileReference; lastKnownFileType = text.plist.strings; name = en; path = en.lproj/InfoPlist.strings; sourceTree = "<group>"; };
		BF2C4F581805C08B00A87C18 /* main.m */ = {isa = PBXFileReference; lastKnownFileType = sourcecode.c.objc; path = main.m; sourceTree = "<group>"; };
		BF2C4F5A1805C08B00A87C18 /* ScanDeposits-Prefix.pch */ = {isa = PBXFileReference; lastKnownFileType = sourcecode.c.h; path = "ScanDeposits-Prefix.pch"; sourceTree = "<group>"; };
		BF2C4F5B1805C08B00A87C18 /* AppDelegate.h */ = {isa = PBXFileReference; lastKnownFileType = sourcecode.c.h; path = AppDelegate.h; sourceTree = "<group>"; };
		BF2C4F5C1805C08B00A87C18 /* AppDelegate.m */ = {isa = PBXFileReference; lastKnownFileType = sourcecode.c.objc; path = AppDelegate.m; sourceTree = "<group>"; };
		BF2C4F5F1805C08B00A87C18 /* Base */ = {isa = PBXFileReference; lastKnownFileType = file.storyboard; name = Base; path = Base.lproj/Main_iPhone.storyboard; sourceTree = "<group>"; };
		BF2C4F621805C08B00A87C18 /* Base */ = {isa = PBXFileReference; lastKnownFileType = file.storyboard; name = Base; path = Base.lproj/Main_iPad.storyboard; sourceTree = "<group>"; };
		BF2C4F671805C08B00A87C18 /* Images.xcassets */ = {isa = PBXFileReference; lastKnownFileType = folder.assetcatalog; path = Images.xcassets; sourceTree = "<group>"; };
		BF2C4F6D1805C08B00A87C18 /* ScanDepositsTests.xctest */ = {isa = PBXFileReference; explicitFileType = wrapper.cfbundle; includeInIndex = 0; path = ScanDepositsTests.xctest; sourceTree = BUILT_PRODUCTS_DIR; };
		BF2C4F6E1805C08B00A87C18 /* XCTest.framework */ = {isa = PBXFileReference; lastKnownFileType = wrapper.framework; name = XCTest.framework; path = Library/Frameworks/XCTest.framework; sourceTree = DEVELOPER_DIR; };
		BF2C4F761805C08B00A87C18 /* ScanDepositsTests-Info.plist */ = {isa = PBXFileReference; lastKnownFileType = text.plist.xml; path = "ScanDepositsTests-Info.plist"; sourceTree = "<group>"; };
		BF2C4F781805C08B00A87C18 /* en */ = {isa = PBXFileReference; lastKnownFileType = text.plist.strings; name = en; path = en.lproj/InfoPlist.strings; sourceTree = "<group>"; };
		BF2C4F7A1805C08B00A87C18 /* ScanDepositsTests.m */ = {isa = PBXFileReference; lastKnownFileType = sourcecode.c.objc; path = ScanDepositsTests.m; sourceTree = "<group>"; };
		BF2C4F841805C0E000A87C18 /* HomeVC.h */ = {isa = PBXFileReference; fileEncoding = 4; lastKnownFileType = sourcecode.c.h; path = HomeVC.h; sourceTree = "<group>"; };
		BF2C4F851805C0E000A87C18 /* HomeVC.mm */ = {isa = PBXFileReference; fileEncoding = 4; lastKnownFileType = sourcecode.cpp.objcpp; path = HomeVC.mm; sourceTree = "<group>"; };
		BF2C4FB41806B0B800A87C18 /* CoreVideo.framework */ = {isa = PBXFileReference; lastKnownFileType = wrapper.framework; name = CoreVideo.framework; path = System/Library/Frameworks/CoreVideo.framework; sourceTree = SDKROOT; };
		BF2C4FB61806B0F100A87C18 /* AudioToolbox.framework */ = {isa = PBXFileReference; lastKnownFileType = wrapper.framework; name = AudioToolbox.framework; path = System/Library/Frameworks/AudioToolbox.framework; sourceTree = SDKROOT; };
		BF2C4FB81806B10B00A87C18 /* SystemConfiguration.framework */ = {isa = PBXFileReference; lastKnownFileType = wrapper.framework; name = SystemConfiguration.framework; path = System/Library/Frameworks/SystemConfiguration.framework; sourceTree = SDKROOT; };
		BF2C4FBA1806B11F00A87C18 /* CoreMedia.framework */ = {isa = PBXFileReference; lastKnownFileType = wrapper.framework; name = CoreMedia.framework; path = System/Library/Frameworks/CoreMedia.framework; sourceTree = SDKROOT; };
		BF2C4FBC1806B13D00A87C18 /* libiconv.dylib */ = {isa = PBXFileReference; lastKnownFileType = "compiled.mach-o.dylib"; name = libiconv.dylib; path = usr/lib/libiconv.dylib; sourceTree = SDKROOT; };
		BF2C4FBE1806B14800A87C18 /* libz.dylib */ = {isa = PBXFileReference; lastKnownFileType = "compiled.mach-o.dylib"; name = libz.dylib; path = usr/lib/libz.dylib; sourceTree = SDKROOT; };
		BF2C4FC01806B16B00A87C18 /* AVFoundation.framework */ = {isa = PBXFileReference; lastKnownFileType = wrapper.framework; name = AVFoundation.framework; path = System/Library/Frameworks/AVFoundation.framework; sourceTree = SDKROOT; };
		BF2C4FC21806C96400A87C18 /* Barcode.h */ = {isa = PBXFileReference; fileEncoding = 4; lastKnownFileType = sourcecode.c.h; path = Barcode.h; sourceTree = "<group>"; };
		BF2C4FC31806C96400A87C18 /* Barcode.m */ = {isa = PBXFileReference; fileEncoding = 4; lastKnownFileType = sourcecode.c.objc; path = Barcode.m; sourceTree = "<group>"; };
		BF2C4FCA1806FEB100A87C18 /* blueButton.png */ = {isa = PBXFileReference; lastKnownFileType = image.png; path = blueButton.png; sourceTree = "<group>"; };
		BF2C4FCB1806FEB100A87C18 /* blueButton@2x.png */ = {isa = PBXFileReference; lastKnownFileType = image.png; path = "blueButton@2x.png"; sourceTree = "<group>"; };
		BF2C4FCC1806FEB100A87C18 /* bluebuttonSelected.png */ = {isa = PBXFileReference; lastKnownFileType = image.png; path = bluebuttonSelected.png; sourceTree = "<group>"; };
		BF2C4FCD1806FEB100A87C18 /* blueButtonSelected@2x.png */ = {isa = PBXFileReference; lastKnownFileType = image.png; path = "blueButtonSelected@2x.png"; sourceTree = "<group>"; };
		BF3703231808229A0027AE4F /* ITFPopup.xib */ = {isa = PBXFileReference; fileEncoding = 4; lastKnownFileType = file.xib; path = ITFPopup.xib; sourceTree = "<group>"; };
		BF370325180822A30027AE4F /* ITFPopup.h */ = {isa = PBXFileReference; lastKnownFileType = sourcecode.c.h; path = ITFPopup.h; sourceTree = "<group>"; };
		BF370326180822A90027AE4F /* ITFPopup.m */ = {isa = PBXFileReference; fileEncoding = 4; lastKnownFileType = sourcecode.c.objc; path = ITFPopup.m; sourceTree = "<group>"; };
		BF370328180844990027AE4F /* bg_gradient.png */ = {isa = PBXFileReference; lastKnownFileType = image.png; path = bg_gradient.png; sourceTree = "<group>"; };
		BF370333180D4DE40027AE4F /* DepositsVC.h */ = {isa = PBXFileReference; fileEncoding = 4; lastKnownFileType = sourcecode.c.h; path = DepositsVC.h; sourceTree = "<group>"; };
		BF370334180D4DE40027AE4F /* DepositsVC.m */ = {isa = PBXFileReference; fileEncoding = 4; lastKnownFileType = sourcecode.c.objc; path = DepositsVC.m; sourceTree = "<group>"; };
		BF370336180D5C5D0027AE4F /* Deposit.h */ = {isa = PBXFileReference; fileEncoding = 4; lastKnownFileType = sourcecode.c.h; path = Deposit.h; sourceTree = "<group>"; };
		BF370337180D5C5D0027AE4F /* Deposit.m */ = {isa = PBXFileReference; fileEncoding = 4; lastKnownFileType = sourcecode.c.objc; path = Deposit.m; sourceTree = "<group>"; };
		BF370339180D5C820027AE4F /* Bag.h */ = {isa = PBXFileReference; fileEncoding = 4; lastKnownFileType = sourcecode.c.h; path = Bag.h; sourceTree = "<group>"; };
		BF37033A180D5C820027AE4F /* Bag.m */ = {isa = PBXFileReference; fileEncoding = 4; lastKnownFileType = sourcecode.c.objc; path = Bag.m; sourceTree = "<group>"; };
		BF37033C180EAEF10027AE4F /* Default-568h.png */ = {isa = PBXFileReference; lastKnownFileType = image.png; path = "Default-568h.png"; sourceTree = "<group>"; };
		BF37033D180EAEF10027AE4F /* Default-568h@2x.png */ = {isa = PBXFileReference; lastKnownFileType = image.png; path = "Default-568h@2x.png"; sourceTree = "<group>"; };
		BF37033E180EAEF10027AE4F /* Default.png */ = {isa = PBXFileReference; lastKnownFileType = image.png; path = Default.png; sourceTree = "<group>"; };
		BF37033F180EAEF10027AE4F /* Default@2x.png */ = {isa = PBXFileReference; lastKnownFileType = image.png; path = "Default@2x.png"; sourceTree = "<group>"; };
		BF370340180EAEF10027AE4F /* Icon.png */ = {isa = PBXFileReference; lastKnownFileType = image.png; path = Icon.png; sourceTree = "<group>"; };
		BF370341180EAEF10027AE4F /* Icon@2x.png */ = {isa = PBXFileReference; lastKnownFileType = image.png; path = "Icon@2x.png"; sourceTree = "<group>"; };
		BF37034B181539160027AE4F /* RegistrationVC.h */ = {isa = PBXFileReference; fileEncoding = 4; lastKnownFileType = sourcecode.c.h; path = RegistrationVC.h; sourceTree = "<group>"; };
		BF37034C181539160027AE4F /* RegistrationVC.m */ = {isa = PBXFileReference; fileEncoding = 4; lastKnownFileType = sourcecode.c.objc; path = RegistrationVC.m; sourceTree = "<group>"; };
		BF37034E181674820027AE4F /* UserVC.h */ = {isa = PBXFileReference; fileEncoding = 4; lastKnownFileType = sourcecode.c.h; path = UserVC.h; sourceTree = "<group>"; };
		BF37034F181674820027AE4F /* UserVC.m */ = {isa = PBXFileReference; fileEncoding = 4; lastKnownFileType = sourcecode.c.objc; path = UserVC.m; sourceTree = "<group>"; };
		BF3703511816D47B0027AE4F /* UserPopup.xib */ = {isa = PBXFileReference; fileEncoding = 4; lastKnownFileType = file.xib; path = UserPopup.xib; sourceTree = "<group>"; };
		BF3703531816D5860027AE4F /* UserPopup.h */ = {isa = PBXFileReference; fileEncoding = 4; lastKnownFileType = sourcecode.c.h; path = UserPopup.h; sourceTree = "<group>"; };
		BF3703541816D5860027AE4F /* UserPopup.m */ = {isa = PBXFileReference; fileEncoding = 4; lastKnownFileType = sourcecode.c.objc; path = UserPopup.m; sourceTree = "<group>"; };
		BF3703581816E1870027AE4F /* PopupTV.h */ = {isa = PBXFileReference; fileEncoding = 4; lastKnownFileType = sourcecode.c.h; path = PopupTV.h; sourceTree = "<group>"; };
		BF3703591816E1880027AE4F /* PopupTV.m */ = {isa = PBXFileReference; fileEncoding = 4; lastKnownFileType = sourcecode.c.objc; path = PopupTV.m; sourceTree = "<group>"; };
		BF37035D1817C6480027AE4F /* User.h */ = {isa = PBXFileReference; fileEncoding = 4; lastKnownFileType = sourcecode.c.h; path = User.h; sourceTree = "<group>"; };
		BF37035E1817C6480027AE4F /* User.m */ = {isa = PBXFileReference; fileEncoding = 4; lastKnownFileType = sourcecode.c.objc; path = User.m; sourceTree = "<group>"; };
		BF92211A18214DC80084DCA0 /* aib_logo_original_cut.png */ = {isa = PBXFileReference; lastKnownFileType = image.png; path = aib_logo_original_cut.png; sourceTree = "<group>"; };
		BF92211C18214E290084DCA0 /* logo_80_121.png */ = {isa = PBXFileReference; lastKnownFileType = image.png; path = logo_80_121.png; sourceTree = "<group>"; };
		BF92211E182279340084DCA0 /* PersistenceManager.h */ = {isa = PBXFileReference; fileEncoding = 4; lastKnownFileType = sourcecode.c.h; path = PersistenceManager.h; sourceTree = "<group>"; };
		BF92211F182279340084DCA0 /* PersistenceManager.m */ = {isa = PBXFileReference; fileEncoding = 4; lastKnownFileType = sourcecode.c.objc; path = PersistenceManager.m; sourceTree = "<group>"; };
		BF92212218227AEC0084DCA0 /* usersCollection.plist */ = {isa = PBXFileReference; fileEncoding = 4; lastKnownFileType = text.plist.xml; path = usersCollection.plist; sourceTree = "<group>"; };
		BF92212418280EB20084DCA0 /* adminsCollection.plist */ = {isa = PBXFileReference; fileEncoding = 4; lastKnownFileType = text.plist.xml; path = adminsCollection.plist; sourceTree = "<group>"; };
		BF99DD3B1832283400183FE2 /* greenButton.png */ = {isa = PBXFileReference; lastKnownFileType = image.png; path = greenButton.png; sourceTree = "<group>"; };
		BF99DD3C1832283400183FE2 /* greenButton@2x.png */ = {isa = PBXFileReference; lastKnownFileType = image.png; path = "greenButton@2x.png"; sourceTree = "<group>"; };
		BF99DD3D1832283400183FE2 /* greenButtonSelected.png */ = {isa = PBXFileReference; lastKnownFileType = image.png; path = greenButtonSelected.png; sourceTree = "<group>"; };
		BF99DD3E1832283400183FE2 /* greenButtonSelected@2x.png */ = {isa = PBXFileReference; lastKnownFileType = image.png; path = "greenButtonSelected@2x.png"; sourceTree = "<group>"; };
		BF99DD431832285400183FE2 /* whiteCell.png */ = {isa = PBXFileReference; lastKnownFileType = image.png; path = whiteCell.png; sourceTree = "<group>"; };
		BF99DD441832285400183FE2 /* whiteCell@2x.png */ = {isa = PBXFileReference; lastKnownFileType = image.png; path = "whiteCell@2x.png"; sourceTree = "<group>"; };
		BF99DD471832286600183FE2 /* singleCell.png */ = {isa = PBXFileReference; lastKnownFileType = image.png; path = singleCell.png; sourceTree = "<group>"; };
		BF99DD481832286600183FE2 /* singleCell@2x.png */ = {isa = PBXFileReference; lastKnownFileType = image.png; path = "singleCell@2x.png"; sourceTree = "<group>"; };
		BF99DD491832286600183FE2 /* singleCellSelected.png */ = {isa = PBXFileReference; lastKnownFileType = image.png; path = singleCellSelected.png; sourceTree = "<group>"; };
		BF99DD4A1832286600183FE2 /* singleCellSelected@2x.png */ = {isa = PBXFileReference; lastKnownFileType = image.png; path = "singleCellSelected@2x.png"; sourceTree = "<group>"; };
		BF99DD4F1832287900183FE2 /* rightArrow.png */ = {isa = PBXFileReference; lastKnownFileType = image.png; path = rightArrow.png; sourceTree = "<group>"; };
		BF99DD501832287900183FE2 /* rightArrow@2x.png */ = {isa = PBXFileReference; lastKnownFileType = image.png; path = "rightArrow@2x.png"; sourceTree = "<group>"; };
		BF99DD531832288100183FE2 /* accountIcon.png */ = {isa = PBXFileReference; lastKnownFileType = image.png; path = accountIcon.png; sourceTree = "<group>"; };
		BF99DD541832288100183FE2 /* accountIcon@2x.png */ = {isa = PBXFileReference; lastKnownFileType = image.png; path = "accountIcon@2x.png"; sourceTree = "<group>"; };
		BF99DD571832842A00183FE2 /* QRBarcode.h */ = {isa = PBXFileReference; fileEncoding = 4; lastKnownFileType = sourcecode.c.h; path = QRBarcode.h; sourceTree = "<group>"; };
		BF99DD581832842A00183FE2 /* QRBarcode.m */ = {isa = PBXFileReference; fileEncoding = 4; lastKnownFileType = sourcecode.c.objc; path = QRBarcode.m; sourceTree = "<group>"; };
		BF99DD5D1833873800183FE2 /* EightBarcode.h */ = {isa = PBXFileReference; fileEncoding = 4; lastKnownFileType = sourcecode.c.h; path = EightBarcode.h; sourceTree = "<group>"; };
		BF99DD5E1833873800183FE2 /* EightBarcode.m */ = {isa = PBXFileReference; fileEncoding = 4; lastKnownFileType = sourcecode.c.objc; path = EightBarcode.m; sourceTree = "<group>"; };
		BF99DDBB1835222F00183FE2 /* beep.wav */ = {isa = PBXFileReference; lastKnownFileType = audio.wav; path = beep.wav; sourceTree = "<group>"; };
		BF99DDBC1835222F00183FE2 /* camera-swap-icon-pressed.png */ = {isa = PBXFileReference; lastKnownFileType = image.png; path = "camera-swap-icon-pressed.png"; sourceTree = "<group>"; };
		BF99DDBD1835222F00183FE2 /* camera-swap-icon-pressed@2x.png */ = {isa = PBXFileReference; lastKnownFileType = image.png; path = "camera-swap-icon-pressed@2x.png"; sourceTree = "<group>"; };
		BF99DDBE1835222F00183FE2 /* camera-swap-icon.png */ = {isa = PBXFileReference; lastKnownFileType = image.png; path = "camera-swap-icon.png"; sourceTree = "<group>"; };
		BF99DDBF1835222F00183FE2 /* camera-swap-icon@2x.png */ = {isa = PBXFileReference; lastKnownFileType = image.png; path = "camera-swap-icon@2x.png"; sourceTree = "<group>"; };
		BF99DDC01835222F00183FE2 /* CHANGELOG.txt */ = {isa = PBXFileReference; fileEncoding = 4; lastKnownFileType = text; path = CHANGELOG.txt; sourceTree = "<group>"; };
		BF99DDC21835222F00183FE2 /* de */ = {isa = PBXFileReference; lastKnownFileType = text.plist.strings; name = de; path = de.lproj/scanditsdk.strings; sourceTree = "<group>"; };
		BF99DDC31835222F00183FE2 /* empty.cpp */ = {isa = PBXFileReference; fileEncoding = 4; lastKnownFileType = sourcecode.cpp.cpp; path = empty.cpp; sourceTree = "<group>"; };
		BF99DDC41835222F00183FE2 /* en */ = {isa = PBXFileReference; lastKnownFileType = text.plist.strings; name = en; path = en.lproj/scanditsdk.strings; sourceTree = "<group>"; };
		BF99DDC51835222F00183FE2 /* flashlight-turn-off-icon-pressed.png */ = {isa = PBXFileReference; lastKnownFileType = image.png; path = "flashlight-turn-off-icon-pressed.png"; sourceTree = "<group>"; };
		BF99DDC61835222F00183FE2 /* flashlight-turn-off-icon-pressed@2x.png */ = {isa = PBXFileReference; lastKnownFileType = image.png; path = "flashlight-turn-off-icon-pressed@2x.png"; sourceTree = "<group>"; };
		BF99DDC71835222F00183FE2 /* flashlight-turn-off-icon.png */ = {isa = PBXFileReference; lastKnownFileType = image.png; path = "flashlight-turn-off-icon.png"; sourceTree = "<group>"; };
		BF99DDC81835222F00183FE2 /* flashlight-turn-off-icon@2x.png */ = {isa = PBXFileReference; lastKnownFileType = image.png; path = "flashlight-turn-off-icon@2x.png"; sourceTree = "<group>"; };
		BF99DDC91835223000183FE2 /* flashlight-turn-on-icon-pressed.png */ = {isa = PBXFileReference; lastKnownFileType = image.png; path = "flashlight-turn-on-icon-pressed.png"; sourceTree = "<group>"; };
		BF99DDCA1835223000183FE2 /* flashlight-turn-on-icon-pressed@2x.png */ = {isa = PBXFileReference; lastKnownFileType = image.png; path = "flashlight-turn-on-icon-pressed@2x.png"; sourceTree = "<group>"; };
		BF99DDCB1835223000183FE2 /* flashlight-turn-on-icon.png */ = {isa = PBXFileReference; lastKnownFileType = image.png; path = "flashlight-turn-on-icon.png"; sourceTree = "<group>"; };
		BF99DDCC1835223000183FE2 /* flashlight-turn-on-icon@2x.png */ = {isa = PBXFileReference; lastKnownFileType = image.png; path = "flashlight-turn-on-icon@2x.png"; sourceTree = "<group>"; };
		BF99DDCD1835223000183FE2 /* libscanditsdk-iphone-3.2.0.a */ = {isa = PBXFileReference; lastKnownFileType = archive.ar; path = "libscanditsdk-iphone-3.2.0.a"; sourceTree = "<group>"; };
		BF99DDCE1835223000183FE2 /* LICENSE-2.0.txt */ = {isa = PBXFileReference; fileEncoding = 4; lastKnownFileType = text; path = "LICENSE-2.0.txt"; sourceTree = "<group>"; };
		BF99DDCF1835223000183FE2 /* poweredby.png */ = {isa = PBXFileReference; lastKnownFileType = image.png; path = poweredby.png; sourceTree = "<group>"; };
		BF99DDD01835223000183FE2 /* poweredby@2x.png */ = {isa = PBXFileReference; lastKnownFileType = image.png; path = "poweredby@2x.png"; sourceTree = "<group>"; };
		BF99DDD11835223000183FE2 /* ScanditSDKBarcodePicker.h */ = {isa = PBXFileReference; fileEncoding = 4; lastKnownFileType = sourcecode.c.h; path = ScanditSDKBarcodePicker.h; sourceTree = "<group>"; };
		BF99DDD21835223000183FE2 /* ScanditSDKOverlayController.h */ = {isa = PBXFileReference; fileEncoding = 4; lastKnownFileType = sourcecode.c.h; path = ScanditSDKOverlayController.h; sourceTree = "<group>"; };
		BF99DDE718353A9400183FE2 /* QRPopup.xib */ = {isa = PBXFileReference; fileEncoding = 4; lastKnownFileType = file.xib; path = QRPopup.xib; sourceTree = "<group>"; };
		BF99DDE918353B0F00183FE2 /* QRPopup.h */ = {isa = PBXFileReference; fileEncoding = 4; lastKnownFileType = sourcecode.c.h; path = QRPopup.h; sourceTree = "<group>"; };
		BF99DDEA18353B0F00183FE2 /* QRPopup.m */ = {isa = PBXFileReference; fileEncoding = 4; lastKnownFileType = sourcecode.c.objc; path = QRPopup.m; sourceTree = "<group>"; };
		BF99DDEC1836412800183FE2 /* WarningPopup.h */ = {isa = PBXFileReference; fileEncoding = 4; lastKnownFileType = sourcecode.c.h; path = WarningPopup.h; sourceTree = "<group>"; };
		BF99DDED1836412800183FE2 /* WarningPopup.m */ = {isa = PBXFileReference; fileEncoding = 4; lastKnownFileType = sourcecode.c.objc; path = WarningPopup.m; sourceTree = "<group>"; };
		BF99DDEF1836414700183FE2 /* WarningPopup.xib */ = {isa = PBXFileReference; fileEncoding = 4; lastKnownFileType = file.xib; path = WarningPopup.xib; sourceTree = "<group>"; };
		BF9B6D4718290F8300BC0E13 /* MessageUI.framework */ = {isa = PBXFileReference; lastKnownFileType = wrapper.framework; name = MessageUI.framework; path = System/Library/Frameworks/MessageUI.framework; sourceTree = SDKROOT; };
		BF9B6D9D182AA03A00BC0E13 /* users.plist */ = {isa = PBXFileReference; fileEncoding = 4; lastKnownFileType = text.plist.xml; path = users.plist; sourceTree = "<group>"; };
		BF9B6D9F182AA34600BC0E13 /* LogInVC.h */ = {isa = PBXFileReference; fileEncoding = 4; lastKnownFileType = sourcecode.c.h; path = LogInVC.h; sourceTree = "<group>"; };
		BF9B6DA0182AA34600BC0E13 /* LogInVC.m */ = {isa = PBXFileReference; fileEncoding = 4; lastKnownFileType = sourcecode.c.objc; path = LogInVC.m; sourceTree = "<group>"; };
		BF9B6DA2182BE58700BC0E13 /* admins.plist */ = {isa = PBXFileReference; fileEncoding = 4; lastKnownFileType = text.plist.xml; path = admins.plist; sourceTree = "<group>"; };
		BFB13637183A1F240051CB0F /* StringParserHelper.h */ = {isa = PBXFileReference; fileEncoding = 4; lastKnownFileType = sourcecode.c.h; path = StringParserHelper.h; sourceTree = "<group>"; };
		BFB13638183A1F240051CB0F /* StringParserHelper.m */ = {isa = PBXFileReference; fileEncoding = 4; lastKnownFileType = sourcecode.c.objc; path = StringParserHelper.m; sourceTree = "<group>"; };
		BFB1363A183BD38C0051CB0F /* SuccessPopup.h */ = {isa = PBXFileReference; fileEncoding = 4; lastKnownFileType = sourcecode.c.h; path = SuccessPopup.h; sourceTree = "<group>"; };
		BFB1363B183BD38C0051CB0F /* SuccessPopup.m */ = {isa = PBXFileReference; fileEncoding = 4; lastKnownFileType = sourcecode.c.objc; path = SuccessPopup.m; sourceTree = "<group>"; };
		BFB1363D183BD47B0051CB0F /* SuccessPopup.xib */ = {isa = PBXFileReference; fileEncoding = 4; lastKnownFileType = file.xib; path = SuccessPopup.xib; sourceTree = "<group>"; };
		BFB1363F183CF8AF0051CB0F /* SuccessPopupVC.h */ = {isa = PBXFileReference; fileEncoding = 4; lastKnownFileType = sourcecode.c.h; path = SuccessPopupVC.h; sourceTree = "<group>"; };
		BFB13640183CF8AF0051CB0F /* SuccessPopupVC.m */ = {isa = PBXFileReference; fileEncoding = 4; lastKnownFileType = sourcecode.c.objc; path = SuccessPopupVC.m; sourceTree = "<group>"; };
		BFB13641183CF8AF0051CB0F /* SuccessPopupVC.xib */ = {isa = PBXFileReference; fileEncoding = 4; lastKnownFileType = file.xib; path = SuccessPopupVC.xib; sourceTree = "<group>"; };
/* End PBXFileReference section */

/* Begin PBXFrameworksBuildPhase section */
		BF2C4F461805C08B00A87C18 /* Frameworks */ = {
			isa = PBXFrameworksBuildPhase;
			buildActionMask = 2147483647;
			files = (
				BF9B6D4818290F8300BC0E13 /* MessageUI.framework in Frameworks */,
				BF2C4FC11806B16B00A87C18 /* AVFoundation.framework in Frameworks */,
				BF2C4FBF1806B14800A87C18 /* libz.dylib in Frameworks */,
				BF2C4FBD1806B13D00A87C18 /* libiconv.dylib in Frameworks */,
				BF99DDE31835223000183FE2 /* libscanditsdk-iphone-3.2.0.a in Frameworks */,
				BF2C4FBB1806B11F00A87C18 /* CoreMedia.framework in Frameworks */,
				BF2C4FB91806B10B00A87C18 /* SystemConfiguration.framework in Frameworks */,
				BF2C4FB71806B0F100A87C18 /* AudioToolbox.framework in Frameworks */,
				BF2C4FB51806B0B800A87C18 /* CoreVideo.framework in Frameworks */,
				BF2C4F4F1805C08B00A87C18 /* CoreGraphics.framework in Frameworks */,
				BF2C4F511805C08B00A87C18 /* UIKit.framework in Frameworks */,
				BF2C4F4D1805C08B00A87C18 /* Foundation.framework in Frameworks */,
			);
			runOnlyForDeploymentPostprocessing = 0;
		};
		BF2C4F6A1805C08B00A87C18 /* Frameworks */ = {
			isa = PBXFrameworksBuildPhase;
			buildActionMask = 2147483647;
			files = (
				BF2C4F6F1805C08B00A87C18 /* XCTest.framework in Frameworks */,
				BF2C4F711805C08B00A87C18 /* UIKit.framework in Frameworks */,
				BF2C4F701805C08B00A87C18 /* Foundation.framework in Frameworks */,
			);
			runOnlyForDeploymentPostprocessing = 0;
		};
/* End PBXFrameworksBuildPhase section */

/* Begin PBXGroup section */
		BF2C4F401805C08A00A87C18 = {
			isa = PBXGroup;
			children = (
				BF2C4F521805C08B00A87C18 /* ScanDeposits */,
				BF2C4F741805C08B00A87C18 /* ScanDepositsTests */,
				BF2C4F4B1805C08B00A87C18 /* Frameworks */,
				BF2C4F4A1805C08B00A87C18 /* Products */,
			);
			sourceTree = "<group>";
		};
		BF2C4F4A1805C08B00A87C18 /* Products */ = {
			isa = PBXGroup;
			children = (
				BF2C4F491805C08B00A87C18 /* ScanDeposits.app */,
				BF2C4F6D1805C08B00A87C18 /* ScanDepositsTests.xctest */,
			);
			name = Products;
			sourceTree = "<group>";
		};
		BF2C4F4B1805C08B00A87C18 /* Frameworks */ = {
			isa = PBXGroup;
			children = (
				BF9B6D4718290F8300BC0E13 /* MessageUI.framework */,
				BF2C4FC01806B16B00A87C18 /* AVFoundation.framework */,
				BF2C4FBE1806B14800A87C18 /* libz.dylib */,
				BF2C4FBC1806B13D00A87C18 /* libiconv.dylib */,
				BF2C4FBA1806B11F00A87C18 /* CoreMedia.framework */,
				BF2C4FB81806B10B00A87C18 /* SystemConfiguration.framework */,
				BF2C4FB61806B0F100A87C18 /* AudioToolbox.framework */,
				BF2C4FB41806B0B800A87C18 /* CoreVideo.framework */,
				BF2C4F4C1805C08B00A87C18 /* Foundation.framework */,
				BF2C4F4E1805C08B00A87C18 /* CoreGraphics.framework */,
				BF2C4F501805C08B00A87C18 /* UIKit.framework */,
				BF2C4F6E1805C08B00A87C18 /* XCTest.framework */,
			);
			name = Frameworks;
			sourceTree = "<group>";
		};
		BF2C4F521805C08B00A87C18 /* ScanDeposits */ = {
			isa = PBXGroup;
			children = (
				BF99DDBA1835222F00183FE2 /* ScanditSDK */,
				BF2C4FC91806FE7900A87C18 /* Assets */,
				BF2C4FC51806DF5C00A87C18 /* Model Objects */,
				BF92212118227AAE0084DCA0 /* Stored_Data */,
				BF2C4F5B1805C08B00A87C18 /* AppDelegate.h */,
				BF2C4F5C1805C08B00A87C18 /* AppDelegate.m */,
				BF2C4F841805C0E000A87C18 /* HomeVC.h */,
				BF2C4F851805C0E000A87C18 /* HomeVC.mm */,
				BF370333180D4DE40027AE4F /* DepositsVC.h */,
				BF370334180D4DE40027AE4F /* DepositsVC.m */,
				BF37034B181539160027AE4F /* RegistrationVC.h */,
				BF37034C181539160027AE4F /* RegistrationVC.m */,
				BF37034E181674820027AE4F /* UserVC.h */,
				BF37034F181674820027AE4F /* UserVC.m */,
				BF9B6D9F182AA34600BC0E13 /* LogInVC.h */,
				BF9B6DA0182AA34600BC0E13 /* LogInVC.m */,
				BF2C4F5E1805C08B00A87C18 /* Main_iPhone.storyboard */,
				BF2C4F611805C08B00A87C18 /* Main_iPad.storyboard */,
				BF370332180D303A0027AE4F /* PopupViews */,
				BF2C4F671805C08B00A87C18 /* Images.xcassets */,
				BF2C4F531805C08B00A87C18 /* Supporting Files */,
			);
			path = ScanDeposits;
			sourceTree = "<group>";
		};
		BF2C4F531805C08B00A87C18 /* Supporting Files */ = {
			isa = PBXGroup;
			children = (
				BF2C4F541805C08B00A87C18 /* ScanDeposits-Info.plist */,
				BF2C4F551805C08B00A87C18 /* InfoPlist.strings */,
				BF2C4F581805C08B00A87C18 /* main.m */,
				BF2C4F5A1805C08B00A87C18 /* ScanDeposits-Prefix.pch */,
			);
			name = "Supporting Files";
			sourceTree = "<group>";
		};
		BF2C4F741805C08B00A87C18 /* ScanDepositsTests */ = {
			isa = PBXGroup;
			children = (
				BF2C4F7A1805C08B00A87C18 /* ScanDepositsTests.m */,
				BF2C4F751805C08B00A87C18 /* Supporting Files */,
			);
			path = ScanDepositsTests;
			sourceTree = "<group>";
		};
		BF2C4F751805C08B00A87C18 /* Supporting Files */ = {
			isa = PBXGroup;
			children = (
				BF2C4F761805C08B00A87C18 /* ScanDepositsTests-Info.plist */,
				BF2C4F771805C08B00A87C18 /* InfoPlist.strings */,
			);
			name = "Supporting Files";
			sourceTree = "<group>";
		};
		BF2C4FC51806DF5C00A87C18 /* Model Objects */ = {
			isa = PBXGroup;
			children = (
				BF370339180D5C820027AE4F /* Bag.h */,
				BF37033A180D5C820027AE4F /* Bag.m */,
				BF370336180D5C5D0027AE4F /* Deposit.h */,
				BF370337180D5C5D0027AE4F /* Deposit.m */,
				BF2C4FC21806C96400A87C18 /* Barcode.h */,
				BF2C4FC31806C96400A87C18 /* Barcode.m */,
				BF99DD571832842A00183FE2 /* QRBarcode.h */,
				BF99DD581832842A00183FE2 /* QRBarcode.m */,
				BF99DD5D1833873800183FE2 /* EightBarcode.h */,
				BF99DD5E1833873800183FE2 /* EightBarcode.m */,
				BF37035D1817C6480027AE4F /* User.h */,
				BF37035E1817C6480027AE4F /* User.m */,
				BF92211E182279340084DCA0 /* PersistenceManager.h */,
				BF92211F182279340084DCA0 /* PersistenceManager.m */,
				BFB13637183A1F240051CB0F /* StringParserHelper.h */,
				BFB13638183A1F240051CB0F /* StringParserHelper.m */,
			);
			name = "Model Objects";
			sourceTree = "<group>";
		};
		BF2C4FC91806FE7900A87C18 /* Assets */ = {
			isa = PBXGroup;
			children = (
				BF99DD531832288100183FE2 /* accountIcon.png */,
				BF99DD541832288100183FE2 /* accountIcon@2x.png */,
				BF99DD4F1832287900183FE2 /* rightArrow.png */,
				BF99DD501832287900183FE2 /* rightArrow@2x.png */,
				BF99DD3B1832283400183FE2 /* greenButton.png */,
				BF99DD3C1832283400183FE2 /* greenButton@2x.png */,
				BF99DD3D1832283400183FE2 /* greenButtonSelected.png */,
				BF99DD3E1832283400183FE2 /* greenButtonSelected@2x.png */,
				BF99DD431832285400183FE2 /* whiteCell.png */,
				BF99DD441832285400183FE2 /* whiteCell@2x.png */,
				BF99DD471832286600183FE2 /* singleCell.png */,
				BF99DD481832286600183FE2 /* singleCell@2x.png */,
				BF99DD491832286600183FE2 /* singleCellSelected.png */,
				BF99DD4A1832286600183FE2 /* singleCellSelected@2x.png */,
				BF92211A18214DC80084DCA0 /* aib_logo_original_cut.png */,
				BF92211C18214E290084DCA0 /* logo_80_121.png */,
				BF37033C180EAEF10027AE4F /* Default-568h.png */,
				BF37033D180EAEF10027AE4F /* Default-568h@2x.png */,
				BF37033E180EAEF10027AE4F /* Default.png */,
				BF37033F180EAEF10027AE4F /* Default@2x.png */,
				BF370340180EAEF10027AE4F /* Icon.png */,
				BF370341180EAEF10027AE4F /* Icon@2x.png */,
				BF370328180844990027AE4F /* bg_gradient.png */,
				BF2C4FCA1806FEB100A87C18 /* blueButton.png */,
				BF2C4FCB1806FEB100A87C18 /* blueButton@2x.png */,
				BF2C4FCC1806FEB100A87C18 /* bluebuttonSelected.png */,
				BF2C4FCD1806FEB100A87C18 /* blueButtonSelected@2x.png */,
			);
			name = Assets;
			sourceTree = "<group>";
		};
		BF370332180D303A0027AE4F /* PopupViews */ = {
			isa = PBXGroup;
			children = (
				BFB1363A183BD38C0051CB0F /* SuccessPopup.h */,
				BFB1363B183BD38C0051CB0F /* SuccessPopup.m */,
				BFB1363D183BD47B0051CB0F /* SuccessPopup.xib */,
				BF99DDEC1836412800183FE2 /* WarningPopup.h */,
				BF99DDED1836412800183FE2 /* WarningPopup.m */,
				BF99DDEF1836414700183FE2 /* WarningPopup.xib */,
				BF370325180822A30027AE4F /* ITFPopup.h */,
				BF370326180822A90027AE4F /* ITFPopup.m */,
				BF3703231808229A0027AE4F /* ITFPopup.xib */,
				BF99DDE918353B0F00183FE2 /* QRPopup.h */,
				BF99DDEA18353B0F00183FE2 /* QRPopup.m */,
				BF99DDE718353A9400183FE2 /* QRPopup.xib */,
				BF3703531816D5860027AE4F /* UserPopup.h */,
				BF3703541816D5860027AE4F /* UserPopup.m */,
				BF3703511816D47B0027AE4F /* UserPopup.xib */,
				BF3703581816E1870027AE4F /* PopupTV.h */,
				BF3703591816E1880027AE4F /* PopupTV.m */,
				BFB1363F183CF8AF0051CB0F /* SuccessPopupVC.h */,
				BFB13640183CF8AF0051CB0F /* SuccessPopupVC.m */,
				BFB13641183CF8AF0051CB0F /* SuccessPopupVC.xib */,
			);
			name = PopupViews;
			sourceTree = "<group>";
		};
		BF92212118227AAE0084DCA0 /* Stored_Data */ = {
			isa = PBXGroup;
			children = (
				BF9B6D9D182AA03A00BC0E13 /* users.plist */,
				BF9B6DA2182BE58700BC0E13 /* admins.plist */,
				BF92212218227AEC0084DCA0 /* usersCollection.plist */,
				BF92212418280EB20084DCA0 /* adminsCollection.plist */,
			);
			name = Stored_Data;
			sourceTree = "<group>";
		};
		BF99DDBA1835222F00183FE2 /* ScanditSDK */ = {
			isa = PBXGroup;
			children = (
				BF99DDBB1835222F00183FE2 /* beep.wav */,
				BF99DDBC1835222F00183FE2 /* camera-swap-icon-pressed.png */,
				BF99DDBD1835222F00183FE2 /* camera-swap-icon-pressed@2x.png */,
				BF99DDBE1835222F00183FE2 /* camera-swap-icon.png */,
				BF99DDBF1835222F00183FE2 /* camera-swap-icon@2x.png */,
				BF99DDC01835222F00183FE2 /* CHANGELOG.txt */,
				BF99DDC11835222F00183FE2 /* scanditsdk.strings */,
				BF99DDC31835222F00183FE2 /* empty.cpp */,
				BF99DDC51835222F00183FE2 /* flashlight-turn-off-icon-pressed.png */,
				BF99DDC61835222F00183FE2 /* flashlight-turn-off-icon-pressed@2x.png */,
				BF99DDC71835222F00183FE2 /* flashlight-turn-off-icon.png */,
				BF99DDC81835222F00183FE2 /* flashlight-turn-off-icon@2x.png */,
				BF99DDC91835223000183FE2 /* flashlight-turn-on-icon-pressed.png */,
				BF99DDCA1835223000183FE2 /* flashlight-turn-on-icon-pressed@2x.png */,
				BF99DDCB1835223000183FE2 /* flashlight-turn-on-icon.png */,
				BF99DDCC1835223000183FE2 /* flashlight-turn-on-icon@2x.png */,
				BF99DDCD1835223000183FE2 /* libscanditsdk-iphone-3.2.0.a */,
				BF99DDCE1835223000183FE2 /* LICENSE-2.0.txt */,
				BF99DDCF1835223000183FE2 /* poweredby.png */,
				BF99DDD01835223000183FE2 /* poweredby@2x.png */,
				BF99DDD11835223000183FE2 /* ScanditSDKBarcodePicker.h */,
				BF99DDD21835223000183FE2 /* ScanditSDKOverlayController.h */,
			);
			path = ScanditSDK;
			sourceTree = "<group>";
		};
/* End PBXGroup section */

/* Begin PBXNativeTarget section */
		BF2C4F481805C08B00A87C18 /* ScanDeposits */ = {
			isa = PBXNativeTarget;
			buildConfigurationList = BF2C4F7E1805C08B00A87C18 /* Build configuration list for PBXNativeTarget "ScanDeposits" */;
			buildPhases = (
				BF2C4F451805C08B00A87C18 /* Sources */,
				BF2C4F461805C08B00A87C18 /* Frameworks */,
				BF2C4F471805C08B00A87C18 /* Resources */,
			);
			buildRules = (
			);
			dependencies = (
			);
			name = ScanDeposits;
			productName = ScanDeposits;
			productReference = BF2C4F491805C08B00A87C18 /* ScanDeposits.app */;
			productType = "com.apple.product-type.application";
		};
		BF2C4F6C1805C08B00A87C18 /* ScanDepositsTests */ = {
			isa = PBXNativeTarget;
			buildConfigurationList = BF2C4F811805C08B00A87C18 /* Build configuration list for PBXNativeTarget "ScanDepositsTests" */;
			buildPhases = (
				BF2C4F691805C08B00A87C18 /* Sources */,
				BF2C4F6A1805C08B00A87C18 /* Frameworks */,
				BF2C4F6B1805C08B00A87C18 /* Resources */,
			);
			buildRules = (
			);
			dependencies = (
				BF2C4F731805C08B00A87C18 /* PBXTargetDependency */,
			);
			name = ScanDepositsTests;
			productName = ScanDepositsTests;
			productReference = BF2C4F6D1805C08B00A87C18 /* ScanDepositsTests.xctest */;
			productType = "com.apple.product-type.bundle.unit-test";
		};
/* End PBXNativeTarget section */

/* Begin PBXProject section */
		BF2C4F411805C08A00A87C18 /* Project object */ = {
			isa = PBXProject;
			attributes = {
				LastUpgradeCheck = 0500;
				ORGANIZATIONNAME = AIB;
				TargetAttributes = {
					BF2C4F481805C08B00A87C18 = {
						DevelopmentTeam = 6CF223BJ9A;
					};
					BF2C4F6C1805C08B00A87C18 = {
						TestTargetID = BF2C4F481805C08B00A87C18;
					};
				};
			};
			buildConfigurationList = BF2C4F441805C08A00A87C18 /* Build configuration list for PBXProject "ScanDeposits" */;
			compatibilityVersion = "Xcode 3.2";
			developmentRegion = English;
			hasScannedForEncodings = 0;
			knownRegions = (
				en,
				Base,
				de,
			);
			mainGroup = BF2C4F401805C08A00A87C18;
			productRefGroup = BF2C4F4A1805C08B00A87C18 /* Products */;
			projectDirPath = "";
			projectRoot = "";
			targets = (
				BF2C4F481805C08B00A87C18 /* ScanDeposits */,
				BF2C4F6C1805C08B00A87C18 /* ScanDepositsTests */,
			);
		};
/* End PBXProject section */

/* Begin PBXResourcesBuildPhase section */
		BF2C4F471805C08B00A87C18 /* Resources */ = {
			isa = PBXResourcesBuildPhase;
			buildActionMask = 2147483647;
			files = (
				BF370346180EAEF10027AE4F /* Icon.png in Resources */,
				BFB13643183CF8AF0051CB0F /* SuccessPopupVC.xib in Resources */,
				BF99DDE11835223000183FE2 /* flashlight-turn-on-icon.png in Resources */,
				BF2C4FD01806FEB100A87C18 /* bluebuttonSelected.png in Resources */,
				BF99DD4C1832286600183FE2 /* singleCell@2x.png in Resources */,
				BF99DDDF1835223000183FE2 /* flashlight-turn-on-icon-pressed.png in Resources */,
				BF370344180EAEF10027AE4F /* Default.png in Resources */,
				BF2C4FCF1806FEB100A87C18 /* blueButton@2x.png in Resources */,
				BF2C4F631805C08B00A87C18 /* Main_iPad.storyboard in Resources */,
				BF92212518280EB20084DCA0 /* adminsCollection.plist in Resources */,
				BF99DD521832287900183FE2 /* rightArrow@2x.png in Resources */,
				BF99DD511832287900183FE2 /* rightArrow.png in Resources */,
				BF2C4F681805C08B00A87C18 /* Images.xcassets in Resources */,
				BF99DDD31835223000183FE2 /* beep.wav in Resources */,
				BF370347180EAEF10027AE4F /* Icon@2x.png in Resources */,
				BF99DD3F1832283400183FE2 /* greenButton.png in Resources */,
				BF99DD411832283400183FE2 /* greenButtonSelected.png in Resources */,
				BF99DD551832288100183FE2 /* accountIcon.png in Resources */,
				BF99DDF01836414700183FE2 /* WarningPopup.xib in Resources */,
				BF99DDE01835223000183FE2 /* flashlight-turn-on-icon-pressed@2x.png in Resources */,
				BF99DD4D1832286600183FE2 /* singleCellSelected.png in Resources */,
				BF92212318227AEC0084DCA0 /* usersCollection.plist in Resources */,
				BF99DD561832288100183FE2 /* accountIcon@2x.png in Resources */,
				BF92211D18214E290084DCA0 /* logo_80_121.png in Resources */,
				BF99DD401832283400183FE2 /* greenButton@2x.png in Resources */,
				BF99DD461832285400183FE2 /* whiteCell@2x.png in Resources */,
				BF99DDDC1835223000183FE2 /* flashlight-turn-off-icon-pressed@2x.png in Resources */,
				BF99DDDE1835223000183FE2 /* flashlight-turn-off-icon@2x.png in Resources */,
				BF92211B18214DC80084DCA0 /* aib_logo_original_cut.png in Resources */,
				BF99DDE41835223000183FE2 /* LICENSE-2.0.txt in Resources */,
				BF99DDE21835223000183FE2 /* flashlight-turn-on-icon@2x.png in Resources */,
				BF99DD4B1832286600183FE2 /* singleCell.png in Resources */,
				BF99DDD41835223000183FE2 /* camera-swap-icon-pressed.png in Resources */,
				BF99DDE61835223000183FE2 /* poweredby@2x.png in Resources */,
				BF2C4F601805C08B00A87C18 /* Main_iPhone.storyboard in Resources */,
				BF2C4F571805C08B00A87C18 /* InfoPlist.strings in Resources */,
				BF99DDDD1835223000183FE2 /* flashlight-turn-off-icon.png in Resources */,
				BF370342180EAEF10027AE4F /* Default-568h.png in Resources */,
				BF99DD451832285400183FE2 /* whiteCell.png in Resources */,
				BF3703241808229A0027AE4F /* ITFPopup.xib in Resources */,
				BF99DDD71835223000183FE2 /* camera-swap-icon@2x.png in Resources */,
				BF99DDD91835223000183FE2 /* scanditsdk.strings in Resources */,
				BF99DDD81835223000183FE2 /* CHANGELOG.txt in Resources */,
				BF370343180EAEF10027AE4F /* Default-568h@2x.png in Resources */,
				BF3703521816D47B0027AE4F /* UserPopup.xib in Resources */,
				BF370329180844990027AE4F /* bg_gradient.png in Resources */,
				BF99DD4E1832286600183FE2 /* singleCellSelected@2x.png in Resources */,
				BFB1363E183BD47B0051CB0F /* SuccessPopup.xib in Resources */,
				BF9B6DA3182BE58700BC0E13 /* admins.plist in Resources */,
				BF9B6D9E182AA03A00BC0E13 /* users.plist in Resources */,
				BF99DDDB1835223000183FE2 /* flashlight-turn-off-icon-pressed.png in Resources */,
				BF2C4FCE1806FEB100A87C18 /* blueButton.png in Resources */,
				BF370345180EAEF10027AE4F /* Default@2x.png in Resources */,
				BF99DDE818353A9400183FE2 /* QRPopup.xib in Resources */,
				BF99DDD61835223000183FE2 /* camera-swap-icon.png in Resources */,
				BF2C4FD11806FEB100A87C18 /* blueButtonSelected@2x.png in Resources */,
				BF99DDE51835223000183FE2 /* poweredby.png in Resources */,
				BF99DDD51835223000183FE2 /* camera-swap-icon-pressed@2x.png in Resources */,
				BF99DD421832283400183FE2 /* greenButtonSelected@2x.png in Resources */,
			);
			runOnlyForDeploymentPostprocessing = 0;
		};
		BF2C4F6B1805C08B00A87C18 /* Resources */ = {
			isa = PBXResourcesBuildPhase;
			buildActionMask = 2147483647;
			files = (
				BF2C4F791805C08B00A87C18 /* InfoPlist.strings in Resources */,
			);
			runOnlyForDeploymentPostprocessing = 0;
		};
/* End PBXResourcesBuildPhase section */

/* Begin PBXSourcesBuildPhase section */
		BF2C4F451805C08B00A87C18 /* Sources */ = {
			isa = PBXSourcesBuildPhase;
			buildActionMask = 2147483647;
			files = (
				BF37033B180D5C820027AE4F /* Bag.m in Sources */,
				BF2C4F861805C0E000A87C18 /* HomeVC.mm in Sources */,
				BFB13642183CF8AF0051CB0F /* SuccessPopupVC.m in Sources */,
				BF370350181674820027AE4F /* UserVC.m in Sources */,
				BFB13639183A1F240051CB0F /* StringParserHelper.m in Sources */,
				BF2C4FC41806C96400A87C18 /* Barcode.m in Sources */,
				BF99DDEB18353B0F00183FE2 /* QRPopup.m in Sources */,
				BF922120182279340084DCA0 /* PersistenceManager.m in Sources */,
				BF99DDDA1835223000183FE2 /* empty.cpp in Sources */,
				BF9B6DA1182AA34600BC0E13 /* LogInVC.m in Sources */,
				BF99DD591832842A00183FE2 /* QRBarcode.m in Sources */,
				BF3703551816D5860027AE4F /* UserPopup.m in Sources */,
				BF37035A1816E1880027AE4F /* PopupTV.m in Sources */,
				BF370335180D4DE40027AE4F /* DepositsVC.m in Sources */,
				BF37035F1817C6480027AE4F /* User.m in Sources */,
				BF2C4F5D1805C08B00A87C18 /* AppDelegate.m in Sources */,
				BF37034D181539160027AE4F /* RegistrationVC.m in Sources */,
				BF99DDEE1836412800183FE2 /* WarningPopup.m in Sources */,
				BF99DD5F1833873800183FE2 /* EightBarcode.m in Sources */,
				BFB1363C183BD38C0051CB0F /* SuccessPopup.m in Sources */,
				BF370327180822A90027AE4F /* ITFPopup.m in Sources */,
				BF370338180D5C5D0027AE4F /* Deposit.m in Sources */,
				BF2C4F591805C08B00A87C18 /* main.m in Sources */,
			);
			runOnlyForDeploymentPostprocessing = 0;
		};
		BF2C4F691805C08B00A87C18 /* Sources */ = {
			isa = PBXSourcesBuildPhase;
			buildActionMask = 2147483647;
			files = (
				BF2C4F7B1805C08B00A87C18 /* ScanDepositsTests.m in Sources */,
			);
			runOnlyForDeploymentPostprocessing = 0;
		};
/* End PBXSourcesBuildPhase section */

/* Begin PBXTargetDependency section */
		BF2C4F731805C08B00A87C18 /* PBXTargetDependency */ = {
			isa = PBXTargetDependency;
			target = BF2C4F481805C08B00A87C18 /* ScanDeposits */;
			targetProxy = BF2C4F721805C08B00A87C18 /* PBXContainerItemProxy */;
		};
/* End PBXTargetDependency section */

/* Begin PBXVariantGroup section */
		BF2C4F551805C08B00A87C18 /* InfoPlist.strings */ = {
			isa = PBXVariantGroup;
			children = (
				BF2C4F561805C08B00A87C18 /* en */,
			);
			name = InfoPlist.strings;
			sourceTree = "<group>";
		};
		BF2C4F5E1805C08B00A87C18 /* Main_iPhone.storyboard */ = {
			isa = PBXVariantGroup;
			children = (
				BF2C4F5F1805C08B00A87C18 /* Base */,
			);
			name = Main_iPhone.storyboard;
			sourceTree = "<group>";
		};
		BF2C4F611805C08B00A87C18 /* Main_iPad.storyboard */ = {
			isa = PBXVariantGroup;
			children = (
				BF2C4F621805C08B00A87C18 /* Base */,
			);
			name = Main_iPad.storyboard;
			sourceTree = "<group>";
		};
		BF2C4F771805C08B00A87C18 /* InfoPlist.strings */ = {
			isa = PBXVariantGroup;
			children = (
				BF2C4F781805C08B00A87C18 /* en */,
			);
			name = InfoPlist.strings;
			sourceTree = "<group>";
		};
		BF99DDC11835222F00183FE2 /* scanditsdk.strings */ = {
			isa = PBXVariantGroup;
			children = (
				BF99DDC21835222F00183FE2 /* de */,
				BF99DDC41835222F00183FE2 /* en */,
			);
			name = scanditsdk.strings;
			sourceTree = "<group>";
		};
/* End PBXVariantGroup section */

/* Begin XCBuildConfiguration section */
		BF2C4F7C1805C08B00A87C18 /* Debug */ = {
			isa = XCBuildConfiguration;
			buildSettings = {
				ALWAYS_SEARCH_USER_PATHS = NO;
				ARCHS = "$(ARCHS_STANDARD_INCLUDING_64_BIT)";
				CLANG_CXX_LANGUAGE_STANDARD = "gnu++0x";
				CLANG_CXX_LIBRARY = "libc++";
				CLANG_ENABLE_MODULES = YES;
				CLANG_ENABLE_OBJC_ARC = YES;
				CLANG_WARN_BOOL_CONVERSION = YES;
				CLANG_WARN_CONSTANT_CONVERSION = YES;
				CLANG_WARN_DIRECT_OBJC_ISA_USAGE = YES_ERROR;
				CLANG_WARN_EMPTY_BODY = YES;
				CLANG_WARN_ENUM_CONVERSION = YES;
				CLANG_WARN_INT_CONVERSION = YES;
				CLANG_WARN_OBJC_ROOT_CLASS = YES_ERROR;
				CLANG_WARN__DUPLICATE_METHOD_MATCH = YES;
				"CODE_SIGN_IDENTITY[sdk=iphoneos*]" = "iPhone Developer";
				COPY_PHASE_STRIP = NO;
				GCC_C_LANGUAGE_STANDARD = gnu99;
				GCC_DYNAMIC_NO_PIC = NO;
				GCC_OPTIMIZATION_LEVEL = 0;
				GCC_PREPROCESSOR_DEFINITIONS = (
					"DEBUG=1",
					"$(inherited)",
				);
				GCC_SYMBOLS_PRIVATE_EXTERN = NO;
				GCC_WARN_64_TO_32_BIT_CONVERSION = YES;
				GCC_WARN_ABOUT_RETURN_TYPE = YES_ERROR;
				GCC_WARN_UNDECLARED_SELECTOR = YES;
				GCC_WARN_UNINITIALIZED_AUTOS = YES;
				GCC_WARN_UNUSED_FUNCTION = YES;
				GCC_WARN_UNUSED_VARIABLE = YES;
				IPHONEOS_DEPLOYMENT_TARGET = 7.0;
				ONLY_ACTIVE_ARCH = YES;
				SDKROOT = iphoneos;
				TARGETED_DEVICE_FAMILY = "1,2";
			};
			name = Debug;
		};
		BF2C4F7D1805C08B00A87C18 /* Release */ = {
			isa = XCBuildConfiguration;
			buildSettings = {
				ALWAYS_SEARCH_USER_PATHS = NO;
				ARCHS = "$(ARCHS_STANDARD_INCLUDING_64_BIT)";
				CLANG_CXX_LANGUAGE_STANDARD = "gnu++0x";
				CLANG_CXX_LIBRARY = "libc++";
				CLANG_ENABLE_MODULES = YES;
				CLANG_ENABLE_OBJC_ARC = YES;
				CLANG_WARN_BOOL_CONVERSION = YES;
				CLANG_WARN_CONSTANT_CONVERSION = YES;
				CLANG_WARN_DIRECT_OBJC_ISA_USAGE = YES_ERROR;
				CLANG_WARN_EMPTY_BODY = YES;
				CLANG_WARN_ENUM_CONVERSION = YES;
				CLANG_WARN_INT_CONVERSION = YES;
				CLANG_WARN_OBJC_ROOT_CLASS = YES_ERROR;
				CLANG_WARN__DUPLICATE_METHOD_MATCH = YES;
				"CODE_SIGN_IDENTITY[sdk=iphoneos*]" = "iPhone Developer";
				COPY_PHASE_STRIP = YES;
				ENABLE_NS_ASSERTIONS = NO;
				GCC_C_LANGUAGE_STANDARD = gnu99;
				GCC_WARN_64_TO_32_BIT_CONVERSION = YES;
				GCC_WARN_ABOUT_RETURN_TYPE = YES_ERROR;
				GCC_WARN_UNDECLARED_SELECTOR = YES;
				GCC_WARN_UNINITIALIZED_AUTOS = YES;
				GCC_WARN_UNUSED_FUNCTION = YES;
				GCC_WARN_UNUSED_VARIABLE = YES;
				IPHONEOS_DEPLOYMENT_TARGET = 7.0;
				SDKROOT = iphoneos;
				TARGETED_DEVICE_FAMILY = "1,2";
				VALIDATE_PRODUCT = YES;
			};
			name = Release;
		};
		BF2C4F7F1805C08B00A87C18 /* Debug */ = {
			isa = XCBuildConfiguration;
			buildSettings = {
				ARCHS = "$(ARCHS_STANDARD)";
				ASSETCATALOG_COMPILER_APPICON_NAME = AppIcon;
				ASSETCATALOG_COMPILER_LAUNCHIMAGE_NAME = LaunchImage;
				CODE_SIGN_IDENTITY = "iPhone Developer: Denver Corrigan (J92MY45J3C)";
				"CODE_SIGN_IDENTITY[sdk=iphoneos*]" = "iPhone Developer";
				GCC_PRECOMPILE_PREFIX_HEADER = YES;
				GCC_PREFIX_HEADER = "ScanDeposits/ScanDeposits-Prefix.pch";
				INFOPLIST_FILE = "ScanDeposits/ScanDeposits-Info.plist";
				IPHONEOS_DEPLOYMENT_TARGET = 6.1;
				LIBRARY_SEARCH_PATHS = (
					"$(inherited)",
					./ScanditSDK,
				);
				PRODUCT_NAME = "$(TARGET_NAME)";
				PROVISIONING_PROFILE = "";
				WRAPPER_EXTENSION = app;
			};
			name = Debug;
		};
		BF2C4F801805C08B00A87C18 /* Release */ = {
			isa = XCBuildConfiguration;
			buildSettings = {
				ARCHS = "$(ARCHS_STANDARD)";
				ASSETCATALOG_COMPILER_APPICON_NAME = AppIcon;
				ASSETCATALOG_COMPILER_LAUNCHIMAGE_NAME = LaunchImage;
				CODE_SIGN_IDENTITY = "iPhone Developer: Denver Corrigan (J92MY45J3C)";
				"CODE_SIGN_IDENTITY[sdk=iphoneos*]" = "iPhone Developer";
				GCC_PRECOMPILE_PREFIX_HEADER = YES;
				GCC_PREFIX_HEADER = "ScanDeposits/ScanDeposits-Prefix.pch";
				INFOPLIST_FILE = "ScanDeposits/ScanDeposits-Info.plist";
				IPHONEOS_DEPLOYMENT_TARGET = 6.1;
				LIBRARY_SEARCH_PATHS = (
					"$(inherited)",
					./ScanditSDK,
				);
				PRODUCT_NAME = "$(TARGET_NAME)";
				PROVISIONING_PROFILE = "";
				WRAPPER_EXTENSION = app;
			};
			name = Release;
		};
		BF2C4F821805C08B00A87C18 /* Debug */ = {
			isa = XCBuildConfiguration;
			buildSettings = {
				ARCHS = "$(ARCHS_STANDARD_INCLUDING_64_BIT)";
				BUNDLE_LOADER = "$(BUILT_PRODUCTS_DIR)/ScanDeposits.app/ScanDeposits";
				FRAMEWORK_SEARCH_PATHS = (
					"$(SDKROOT)/Developer/Library/Frameworks",
					"$(inherited)",
					"$(DEVELOPER_FRAMEWORKS_DIR)",
				);
				GCC_PRECOMPILE_PREFIX_HEADER = YES;
				GCC_PREFIX_HEADER = "ScanDeposits/ScanDeposits-Prefix.pch";
				GCC_PREPROCESSOR_DEFINITIONS = (
					"DEBUG=1",
					"$(inherited)",
				);
				INFOPLIST_FILE = "ScanDepositsTests/ScanDepositsTests-Info.plist";
				PRODUCT_NAME = "$(TARGET_NAME)";
				TEST_HOST = "$(BUNDLE_LOADER)";
				WRAPPER_EXTENSION = xctest;
			};
			name = Debug;
		};
		BF2C4F831805C08B00A87C18 /* Release */ = {
			isa = XCBuildConfiguration;
			buildSettings = {
				ARCHS = "$(ARCHS_STANDARD_INCLUDING_64_BIT)";
				BUNDLE_LOADER = "$(BUILT_PRODUCTS_DIR)/ScanDeposits.app/ScanDeposits";
				FRAMEWORK_SEARCH_PATHS = (
					"$(SDKROOT)/Developer/Library/Frameworks",
					"$(inherited)",
					"$(DEVELOPER_FRAMEWORKS_DIR)",
				);
				GCC_PRECOMPILE_PREFIX_HEADER = YES;
				GCC_PREFIX_HEADER = "ScanDeposits/ScanDeposits-Prefix.pch";
				INFOPLIST_FILE = "ScanDepositsTests/ScanDepositsTests-Info.plist";
				PRODUCT_NAME = "$(TARGET_NAME)";
				TEST_HOST = "$(BUNDLE_LOADER)";
				WRAPPER_EXTENSION = xctest;
			};
			name = Release;
		};
/* End XCBuildConfiguration section */

/* Begin XCConfigurationList section */
		BF2C4F441805C08A00A87C18 /* Build configuration list for PBXProject "ScanDeposits" */ = {
			isa = XCConfigurationList;
			buildConfigurations = (
				BF2C4F7C1805C08B00A87C18 /* Debug */,
				BF2C4F7D1805C08B00A87C18 /* Release */,
			);
			defaultConfigurationIsVisible = 0;
			defaultConfigurationName = Release;
		};
		BF2C4F7E1805C08B00A87C18 /* Build configuration list for PBXNativeTarget "ScanDeposits" */ = {
			isa = XCConfigurationList;
			buildConfigurations = (
				BF2C4F7F1805C08B00A87C18 /* Debug */,
				BF2C4F801805C08B00A87C18 /* Release */,
			);
			defaultConfigurationIsVisible = 0;
			defaultConfigurationName = Release;
		};
		BF2C4F811805C08B00A87C18 /* Build configuration list for PBXNativeTarget "ScanDepositsTests" */ = {
			isa = XCConfigurationList;
			buildConfigurations = (
				BF2C4F821805C08B00A87C18 /* Debug */,
				BF2C4F831805C08B00A87C18 /* Release */,
			);
			defaultConfigurationIsVisible = 0;
			defaultConfigurationName = Release;
		};
/* End XCConfigurationList section */
	};
	rootObject = BF2C4F411805C08A00A87C18 /* Project object */;
}
